// !$*UTF8*$!
{
	archiveVersion = 1;
	classes = {
	};
	objectVersion = 50;
	objects = {

/* Begin PBXBuildFile section */
		0B9E94CD21F1507F004A0707 /* ListedShowsView.swift in Sources */ = {isa = PBXBuildFile; fileRef = 0B9E94CC21F1507F004A0707 /* ListedShowsView.swift */; };
		0B9E94CF21F1508A004A0707 /* ListedShowsViewController.swift in Sources */ = {isa = PBXBuildFile; fileRef = 0B9E94CE21F1508A004A0707 /* ListedShowsViewController.swift */; };
		0B9E94D121F15093004A0707 /* ListedShowsViewModel.swift in Sources */ = {isa = PBXBuildFile; fileRef = 0B9E94D021F15093004A0707 /* ListedShowsViewModel.swift */; };
		0B9E94D521F150D1004A0707 /* UIColor.swift in Sources */ = {isa = PBXBuildFile; fileRef = 0B9E94D421F150D1004A0707 /* UIColor.swift */; };
		0B9E94D821F15121004A0707 /* ShowPreviewCell.swift in Sources */ = {isa = PBXBuildFile; fileRef = 0B9E94D721F15121004A0707 /* ShowPreviewCell.swift */; };
		0B9E94DA21F1512E004A0707 /* ShowPreviewCellViewModel.swift in Sources */ = {isa = PBXBuildFile; fileRef = 0B9E94D921F1512E004A0707 /* ShowPreviewCellViewModel.swift */; };
		0B9E94DD21F15C62004A0707 /* ShowsRepository.swift in Sources */ = {isa = PBXBuildFile; fileRef = 0B9E94DC21F15C62004A0707 /* ShowsRepository.swift */; };
		0B9E94DF21F15D65004A0707 /* SignalProducer.swift in Sources */ = {isa = PBXBuildFile; fileRef = 0B9E94DE21F15D65004A0707 /* SignalProducer.swift */; };
		0B9E94E321F4BBCF004A0707 /* NetworkRepository.swift in Sources */ = {isa = PBXBuildFile; fileRef = 0B9E94E221F4BBCF004A0707 /* NetworkRepository.swift */; };
		0B9E94E721F4C3A5004A0707 /* ColorPalette.swift in Sources */ = {isa = PBXBuildFile; fileRef = 0B9E94E621F4C3A5004A0707 /* ColorPalette.swift */; };
		0BBDAA1321EEBCB600C4F3CF /* AppDelegate.swift in Sources */ = {isa = PBXBuildFile; fileRef = 0BBDAA1221EEBCB600C4F3CF /* AppDelegate.swift */; };
		0BBDAA1521EEBCB600C4F3CF /* ViewController.swift in Sources */ = {isa = PBXBuildFile; fileRef = 0BBDAA1421EEBCB600C4F3CF /* ViewController.swift */; };
		0BBDAA1A21EEBCB800C4F3CF /* Assets.xcassets in Resources */ = {isa = PBXBuildFile; fileRef = 0BBDAA1921EEBCB800C4F3CF /* Assets.xcassets */; };
		0BBDAA1D21EEBCB800C4F3CF /* LaunchScreen.storyboard in Resources */ = {isa = PBXBuildFile; fileRef = 0BBDAA1B21EEBCB800C4F3CF /* LaunchScreen.storyboard */; };
		0BBDAA2821EEBCB800C4F3CF /* SeriesTests.swift in Sources */ = {isa = PBXBuildFile; fileRef = 0BBDAA2721EEBCB800C4F3CF /* SeriesTests.swift */; };
		0BE35F9C21F018AF007148F3 /* ShowDetailsView.swift in Sources */ = {isa = PBXBuildFile; fileRef = 0BE35F9B21F018AF007148F3 /* ShowDetailsView.swift */; };
		0BE35F9E21F018DE007148F3 /* ShowDetailsViewModel.swift in Sources */ = {isa = PBXBuildFile; fileRef = 0BE35F9D21F018DE007148F3 /* ShowDetailsViewModel.swift */; };
		0BE35FA021F0192A007148F3 /* ShowDetailsViewController.swift in Sources */ = {isa = PBXBuildFile; fileRef = 0BE35F9F21F0192A007148F3 /* ShowDetailsViewController.swift */; };
		0BE35FA321F019A4007148F3 /* Show.swift in Sources */ = {isa = PBXBuildFile; fileRef = 0BE35FA221F019A4007148F3 /* Show.swift */; };
		47BD83D33EDCA74E753EBC4B /* Pods_App_Series.framework in Frameworks */ = {isa = PBXBuildFile; fileRef = 6CF83FC887E0A92A57482874 /* Pods_App_Series.framework */; };
		CBD447C0FBB9A518EBCB78EC /* Pods_SeriesTests.framework in Frameworks */ = {isa = PBXBuildFile; fileRef = FDB3180E8B62135158C3E4F8 /* Pods_SeriesTests.framework */; };
/* End PBXBuildFile section */

/* Begin PBXContainerItemProxy section */
		0BBDAA2421EEBCB800C4F3CF /* PBXContainerItemProxy */ = {
			isa = PBXContainerItemProxy;
			containerPortal = 0BBDAA0721EEBCB600C4F3CF /* Project object */;
			proxyType = 1;
			remoteGlobalIDString = 0BBDAA0E21EEBCB600C4F3CF;
			remoteInfo = Series;
		};
/* End PBXContainerItemProxy section */

/* Begin PBXFileReference section */
		0B9E94CC21F1507F004A0707 /* ListedShowsView.swift */ = {isa = PBXFileReference; lastKnownFileType = sourcecode.swift; path = ListedShowsView.swift; sourceTree = "<group>"; };
		0B9E94CE21F1508A004A0707 /* ListedShowsViewController.swift */ = {isa = PBXFileReference; lastKnownFileType = sourcecode.swift; path = ListedShowsViewController.swift; sourceTree = "<group>"; };
		0B9E94D021F15093004A0707 /* ListedShowsViewModel.swift */ = {isa = PBXFileReference; lastKnownFileType = sourcecode.swift; path = ListedShowsViewModel.swift; sourceTree = "<group>"; };
		0B9E94D421F150D1004A0707 /* UIColor.swift */ = {isa = PBXFileReference; lastKnownFileType = sourcecode.swift; path = UIColor.swift; sourceTree = "<group>"; };
		0B9E94D721F15121004A0707 /* ShowPreviewCell.swift */ = {isa = PBXFileReference; lastKnownFileType = sourcecode.swift; path = ShowPreviewCell.swift; sourceTree = "<group>"; };
		0B9E94D921F1512E004A0707 /* ShowPreviewCellViewModel.swift */ = {isa = PBXFileReference; lastKnownFileType = sourcecode.swift; path = ShowPreviewCellViewModel.swift; sourceTree = "<group>"; };
		0B9E94DC21F15C62004A0707 /* ShowsRepository.swift */ = {isa = PBXFileReference; lastKnownFileType = sourcecode.swift; path = ShowsRepository.swift; sourceTree = "<group>"; };
		0B9E94DE21F15D65004A0707 /* SignalProducer.swift */ = {isa = PBXFileReference; lastKnownFileType = sourcecode.swift; path = SignalProducer.swift; sourceTree = "<group>"; };
		0B9E94E221F4BBCF004A0707 /* NetworkRepository.swift */ = {isa = PBXFileReference; lastKnownFileType = sourcecode.swift; path = NetworkRepository.swift; sourceTree = "<group>"; };
		0B9E94E621F4C3A5004A0707 /* ColorPalette.swift */ = {isa = PBXFileReference; lastKnownFileType = sourcecode.swift; path = ColorPalette.swift; sourceTree = "<group>"; };
		0BBDAA0F21EEBCB600C4F3CF /* Series.app */ = {isa = PBXFileReference; explicitFileType = wrapper.application; includeInIndex = 0; path = Series.app; sourceTree = BUILT_PRODUCTS_DIR; };
		0BBDAA1221EEBCB600C4F3CF /* AppDelegate.swift */ = {isa = PBXFileReference; lastKnownFileType = sourcecode.swift; path = AppDelegate.swift; sourceTree = "<group>"; };
		0BBDAA1421EEBCB600C4F3CF /* ViewController.swift */ = {isa = PBXFileReference; lastKnownFileType = sourcecode.swift; path = ViewController.swift; sourceTree = "<group>"; };
		0BBDAA1921EEBCB800C4F3CF /* Assets.xcassets */ = {isa = PBXFileReference; lastKnownFileType = folder.assetcatalog; path = Assets.xcassets; sourceTree = "<group>"; };
		0BBDAA1C21EEBCB800C4F3CF /* Base */ = {isa = PBXFileReference; lastKnownFileType = file.storyboard; name = Base; path = Base.lproj/LaunchScreen.storyboard; sourceTree = "<group>"; };
		0BBDAA1E21EEBCB800C4F3CF /* Info.plist */ = {isa = PBXFileReference; lastKnownFileType = text.plist.xml; path = Info.plist; sourceTree = "<group>"; };
		0BBDAA2321EEBCB800C4F3CF /* SeriesTests.xctest */ = {isa = PBXFileReference; explicitFileType = wrapper.cfbundle; includeInIndex = 0; path = SeriesTests.xctest; sourceTree = BUILT_PRODUCTS_DIR; };
		0BBDAA2721EEBCB800C4F3CF /* SeriesTests.swift */ = {isa = PBXFileReference; lastKnownFileType = sourcecode.swift; path = SeriesTests.swift; sourceTree = "<group>"; };
		0BBDAA2921EEBCB800C4F3CF /* Info.plist */ = {isa = PBXFileReference; lastKnownFileType = text.plist.xml; path = Info.plist; sourceTree = "<group>"; };
		0BBDAA3321EEC98000C4F3CF /* MyPlayground.playground */ = {isa = PBXFileReference; lastKnownFileType = file.playground; path = MyPlayground.playground; sourceTree = "<group>"; xcLanguageSpecificationIdentifier = xcode.lang.swift; };
		0BE35F9B21F018AF007148F3 /* ShowDetailsView.swift */ = {isa = PBXFileReference; lastKnownFileType = sourcecode.swift; path = ShowDetailsView.swift; sourceTree = "<group>"; };
		0BE35F9D21F018DE007148F3 /* ShowDetailsViewModel.swift */ = {isa = PBXFileReference; lastKnownFileType = sourcecode.swift; path = ShowDetailsViewModel.swift; sourceTree = "<group>"; };
		0BE35F9F21F0192A007148F3 /* ShowDetailsViewController.swift */ = {isa = PBXFileReference; lastKnownFileType = sourcecode.swift; path = ShowDetailsViewController.swift; sourceTree = "<group>"; };
		0BE35FA221F019A4007148F3 /* Show.swift */ = {isa = PBXFileReference; lastKnownFileType = sourcecode.swift; path = Show.swift; sourceTree = "<group>"; };
		0EF5D921F4C39E33BE8F4927 /* Pods-App-Series.debug.xcconfig */ = {isa = PBXFileReference; includeInIndex = 1; lastKnownFileType = text.xcconfig; name = "Pods-App-Series.debug.xcconfig"; path = "Pods/Target Support Files/Pods-App-Series/Pods-App-Series.debug.xcconfig"; sourceTree = "<group>"; };
		42D341D77BE2690E3BCDE785 /* Pods-SeriesTests.debug.xcconfig */ = {isa = PBXFileReference; includeInIndex = 1; lastKnownFileType = text.xcconfig; name = "Pods-SeriesTests.debug.xcconfig"; path = "Pods/Target Support Files/Pods-SeriesTests/Pods-SeriesTests.debug.xcconfig"; sourceTree = "<group>"; };
		47C9B7E5A26A08DC24D892DE /* Pods-SeriesTests.release.xcconfig */ = {isa = PBXFileReference; includeInIndex = 1; lastKnownFileType = text.xcconfig; name = "Pods-SeriesTests.release.xcconfig"; path = "Pods/Target Support Files/Pods-SeriesTests/Pods-SeriesTests.release.xcconfig"; sourceTree = "<group>"; };
		6CF83FC887E0A92A57482874 /* Pods_App_Series.framework */ = {isa = PBXFileReference; explicitFileType = wrapper.framework; includeInIndex = 0; path = Pods_App_Series.framework; sourceTree = BUILT_PRODUCTS_DIR; };
		D8E26156C1045E2869B78804 /* Pods-App-Series.release.xcconfig */ = {isa = PBXFileReference; includeInIndex = 1; lastKnownFileType = text.xcconfig; name = "Pods-App-Series.release.xcconfig"; path = "Pods/Target Support Files/Pods-App-Series/Pods-App-Series.release.xcconfig"; sourceTree = "<group>"; };
		FDB3180E8B62135158C3E4F8 /* Pods_SeriesTests.framework */ = {isa = PBXFileReference; explicitFileType = wrapper.framework; includeInIndex = 0; path = Pods_SeriesTests.framework; sourceTree = BUILT_PRODUCTS_DIR; };
/* End PBXFileReference section */

/* Begin PBXFrameworksBuildPhase section */
		0BBDAA0C21EEBCB600C4F3CF /* Frameworks */ = {
			isa = PBXFrameworksBuildPhase;
			buildActionMask = 2147483647;
			files = (
				47BD83D33EDCA74E753EBC4B /* Pods_App_Series.framework in Frameworks */,
			);
			runOnlyForDeploymentPostprocessing = 0;
		};
		0BBDAA2021EEBCB800C4F3CF /* Frameworks */ = {
			isa = PBXFrameworksBuildPhase;
			buildActionMask = 2147483647;
			files = (
				CBD447C0FBB9A518EBCB78EC /* Pods_SeriesTests.framework in Frameworks */,
			);
			runOnlyForDeploymentPostprocessing = 0;
		};
/* End PBXFrameworksBuildPhase section */

/* Begin PBXGroup section */
		0B9E94D221F150C0004A0707 /* Extensions */ = {
			isa = PBXGroup;
			children = (
				0B9E94DE21F15D65004A0707 /* SignalProducer.swift */,
			);
			path = Extensions;
			sourceTree = "<group>";
		};
		0B9E94D321F150C7004A0707 /* UIExtensions */ = {
			isa = PBXGroup;
			children = (
				0B9E94D421F150D1004A0707 /* UIColor.swift */,
			);
			path = UIExtensions;
			sourceTree = "<group>";
		};
		0B9E94D621F15107004A0707 /* ShowPreviewCell */ = {
			isa = PBXGroup;
			children = (
				0B9E94D721F15121004A0707 /* ShowPreviewCell.swift */,
				0B9E94D921F1512E004A0707 /* ShowPreviewCellViewModel.swift */,
			);
			path = ShowPreviewCell;
			sourceTree = "<group>";
		};
		0B9E94DB21F15C45004A0707 /* Repositories */ = {
			isa = PBXGroup;
			children = (
				0B9E94DC21F15C62004A0707 /* ShowsRepository.swift */,
				0B9E94E221F4BBCF004A0707 /* NetworkRepository.swift */,
			);
			path = Repositories;
			sourceTree = "<group>";
		};
		0BBDAA0621EEBCB600C4F3CF = {
			isa = PBXGroup;
			children = (
				0BBDAA3221EEC7EA00C4F3CF /* Resources */,
				0BBDAA1121EEBCB600C4F3CF /* Series */,
				0BBDAA2621EEBCB800C4F3CF /* SeriesTests */,
				0BBDAA1021EEBCB600C4F3CF /* Products */,
				137B65A53AAE4E72C11CCFD5 /* Pods */,
				4C8F4D78ABB4FB7F7A4C93A8 /* Frameworks */,
			);
			sourceTree = "<group>";
		};
		0BBDAA1021EEBCB600C4F3CF /* Products */ = {
			isa = PBXGroup;
			children = (
				0BBDAA0F21EEBCB600C4F3CF /* Series.app */,
				0BBDAA2321EEBCB800C4F3CF /* SeriesTests.xctest */,
			);
			name = Products;
			sourceTree = "<group>";
		};
		0BBDAA1121EEBCB600C4F3CF /* Series */ = {
			isa = PBXGroup;
			children = (
				0B9E94DB21F15C45004A0707 /* Repositories */,
				0B9E94D321F150C7004A0707 /* UIExtensions */,
				0B9E94D221F150C0004A0707 /* Extensions */,
				0BE35FA121F01999007148F3 /* Models */,
				0BE35F9721F01853007148F3 /* ListedShows */,
				0BBDAA1221EEBCB600C4F3CF /* AppDelegate.swift */,
				0BBDAA1421EEBCB600C4F3CF /* ViewController.swift */,
				0BBDAA1921EEBCB800C4F3CF /* Assets.xcassets */,
				0BBDAA1B21EEBCB800C4F3CF /* LaunchScreen.storyboard */,
				0B9E94E621F4C3A5004A0707 /* ColorPalette.swift */,
			);
			path = Series;
			sourceTree = "<group>";
		};
		0BBDAA2621EEBCB800C4F3CF /* SeriesTests */ = {
			isa = PBXGroup;
			children = (
				0BBDAA2721EEBCB800C4F3CF /* SeriesTests.swift */,
				0BBDAA2921EEBCB800C4F3CF /* Info.plist */,
			);
			path = SeriesTests;
			sourceTree = "<group>";
		};
		0BBDAA3221EEC7EA00C4F3CF /* Resources */ = {
			isa = PBXGroup;
			children = (
				0BBDAA3321EEC98000C4F3CF /* MyPlayground.playground */,
				0BBDAA1E21EEBCB800C4F3CF /* Info.plist */,
			);
			path = Resources;
			sourceTree = "<group>";
		};
		0BE35F9721F01853007148F3 /* ListedShows */ = {
			isa = PBXGroup;
			children = (
				0B9E94D621F15107004A0707 /* ShowPreviewCell */,
				0BE35F9821F0186B007148F3 /* ShowDetails */,
				0B9E94CC21F1507F004A0707 /* ListedShowsView.swift */,
				0B9E94CE21F1508A004A0707 /* ListedShowsViewController.swift */,
				0B9E94D021F15093004A0707 /* ListedShowsViewModel.swift */,
			);
			path = ListedShows;
			sourceTree = "<group>";
		};
		0BE35F9821F0186B007148F3 /* ShowDetails */ = {
			isa = PBXGroup;
			children = (
				0BE35F9F21F0192A007148F3 /* ShowDetailsViewController.swift */,
				0BE35F9B21F018AF007148F3 /* ShowDetailsView.swift */,
				0BE35F9D21F018DE007148F3 /* ShowDetailsViewModel.swift */,
			);
			path = ShowDetails;
			sourceTree = "<group>";
		};
		0BE35FA121F01999007148F3 /* Models */ = {
			isa = PBXGroup;
			children = (
				0BE35FA221F019A4007148F3 /* Show.swift */,
			);
			path = Models;
			sourceTree = "<group>";
		};
		137B65A53AAE4E72C11CCFD5 /* Pods */ = {
			isa = PBXGroup;
			children = (
				0EF5D921F4C39E33BE8F4927 /* Pods-App-Series.debug.xcconfig */,
				D8E26156C1045E2869B78804 /* Pods-App-Series.release.xcconfig */,
				42D341D77BE2690E3BCDE785 /* Pods-SeriesTests.debug.xcconfig */,
				47C9B7E5A26A08DC24D892DE /* Pods-SeriesTests.release.xcconfig */,
			);
			name = Pods;
			sourceTree = "<group>";
		};
		4C8F4D78ABB4FB7F7A4C93A8 /* Frameworks */ = {
			isa = PBXGroup;
			children = (
				6CF83FC887E0A92A57482874 /* Pods_App_Series.framework */,
				FDB3180E8B62135158C3E4F8 /* Pods_SeriesTests.framework */,
			);
			name = Frameworks;
			sourceTree = "<group>";
		};
/* End PBXGroup section */

/* Begin PBXNativeTarget section */
		0BBDAA0E21EEBCB600C4F3CF /* Series */ = {
			isa = PBXNativeTarget;
			buildConfigurationList = 0BBDAA2C21EEBCB800C4F3CF /* Build configuration list for PBXNativeTarget "Series" */;
			buildPhases = (
				D5B876E514735C92DD879588 /* [CP] Check Pods Manifest.lock */,
				0BBDAA0B21EEBCB600C4F3CF /* Sources */,
				0BBDAA0C21EEBCB600C4F3CF /* Frameworks */,
				0BBDAA0D21EEBCB600C4F3CF /* Resources */,
				2249F9BBD5F460CA1AE26539 /* [CP] Embed Pods Frameworks */,
			);
			buildRules = (
			);
			dependencies = (
			);
			name = Series;
			productName = Series;
			productReference = 0BBDAA0F21EEBCB600C4F3CF /* Series.app */;
			productType = "com.apple.product-type.application";
		};
		0BBDAA2221EEBCB800C4F3CF /* SeriesTests */ = {
			isa = PBXNativeTarget;
			buildConfigurationList = 0BBDAA2F21EEBCB800C4F3CF /* Build configuration list for PBXNativeTarget "SeriesTests" */;
			buildPhases = (
				2437E68024BF83E59A84FF8E /* [CP] Check Pods Manifest.lock */,
				0BBDAA1F21EEBCB800C4F3CF /* Sources */,
				0BBDAA2021EEBCB800C4F3CF /* Frameworks */,
				0BBDAA2121EEBCB800C4F3CF /* Resources */,
				C941570CB31180FFCC4ADF99 /* [CP] Embed Pods Frameworks */,
			);
			buildRules = (
			);
			dependencies = (
				0BBDAA2521EEBCB800C4F3CF /* PBXTargetDependency */,
			);
			name = SeriesTests;
			productName = SeriesTests;
			productReference = 0BBDAA2321EEBCB800C4F3CF /* SeriesTests.xctest */;
			productType = "com.apple.product-type.bundle.unit-test";
		};
/* End PBXNativeTarget section */

/* Begin PBXProject section */
		0BBDAA0721EEBCB600C4F3CF /* Project object */ = {
			isa = PBXProject;
			attributes = {
				LastSwiftUpdateCheck = 1010;
				LastUpgradeCheck = 1010;
				ORGANIZATIONNAME = depa;
				TargetAttributes = {
					0BBDAA0E21EEBCB600C4F3CF = {
						CreatedOnToolsVersion = 10.1;
					};
					0BBDAA2221EEBCB800C4F3CF = {
						CreatedOnToolsVersion = 10.1;
						TestTargetID = 0BBDAA0E21EEBCB600C4F3CF;
					};
				};
			};
			buildConfigurationList = 0BBDAA0A21EEBCB600C4F3CF /* Build configuration list for PBXProject "Series" */;
			compatibilityVersion = "Xcode 9.3";
			developmentRegion = en;
			hasScannedForEncodings = 0;
			knownRegions = (
				en,
				Base,
			);
			mainGroup = 0BBDAA0621EEBCB600C4F3CF;
			productRefGroup = 0BBDAA1021EEBCB600C4F3CF /* Products */;
			projectDirPath = "";
			projectRoot = "";
			targets = (
				0BBDAA0E21EEBCB600C4F3CF /* Series */,
				0BBDAA2221EEBCB800C4F3CF /* SeriesTests */,
			);
		};
/* End PBXProject section */

/* Begin PBXResourcesBuildPhase section */
		0BBDAA0D21EEBCB600C4F3CF /* Resources */ = {
			isa = PBXResourcesBuildPhase;
			buildActionMask = 2147483647;
			files = (
				0BBDAA1D21EEBCB800C4F3CF /* LaunchScreen.storyboard in Resources */,
				0BBDAA1A21EEBCB800C4F3CF /* Assets.xcassets in Resources */,
			);
			runOnlyForDeploymentPostprocessing = 0;
		};
		0BBDAA2121EEBCB800C4F3CF /* Resources */ = {
			isa = PBXResourcesBuildPhase;
			buildActionMask = 2147483647;
			files = (
			);
			runOnlyForDeploymentPostprocessing = 0;
		};
/* End PBXResourcesBuildPhase section */

/* Begin PBXShellScriptBuildPhase section */
		2249F9BBD5F460CA1AE26539 /* [CP] Embed Pods Frameworks */ = {
			isa = PBXShellScriptBuildPhase;
			buildActionMask = 2147483647;
			files = (
			);
			inputFileListPaths = (
			);
			inputPaths = (
				"${SRCROOT}/Pods/Target Support Files/Pods-App-Series/Pods-App-Series-frameworks.sh",
				"${BUILT_PRODUCTS_DIR}/Alamofire/Alamofire.framework",
				"${BUILT_PRODUCTS_DIR}/PureLayout/PureLayout.framework",
				"${BUILT_PRODUCTS_DIR}/ReactiveCocoa/ReactiveCocoa.framework",
				"${BUILT_PRODUCTS_DIR}/ReactiveSwift/ReactiveSwift.framework",
				"${BUILT_PRODUCTS_DIR}/Result/Result.framework",
				"${BUILT_PRODUCTS_DIR}/SDWebImage/SDWebImage.framework",
				"${BUILT_PRODUCTS_DIR}/SwiftyJSON/SwiftyJSON.framework",
				"${BUILT_PRODUCTS_DIR}/UIImageColors/UIImageColors.framework",
			);
			name = "[CP] Embed Pods Frameworks";
			outputFileListPaths = (
			);
			outputPaths = (
				"${TARGET_BUILD_DIR}/${FRAMEWORKS_FOLDER_PATH}/Alamofire.framework",
				"${TARGET_BUILD_DIR}/${FRAMEWORKS_FOLDER_PATH}/PureLayout.framework",
				"${TARGET_BUILD_DIR}/${FRAMEWORKS_FOLDER_PATH}/ReactiveCocoa.framework",
				"${TARGET_BUILD_DIR}/${FRAMEWORKS_FOLDER_PATH}/ReactiveSwift.framework",
				"${TARGET_BUILD_DIR}/${FRAMEWORKS_FOLDER_PATH}/Result.framework",
				"${TARGET_BUILD_DIR}/${FRAMEWORKS_FOLDER_PATH}/SDWebImage.framework",
				"${TARGET_BUILD_DIR}/${FRAMEWORKS_FOLDER_PATH}/SwiftyJSON.framework",
				"${TARGET_BUILD_DIR}/${FRAMEWORKS_FOLDER_PATH}/UIImageColors.framework",
			);
			runOnlyForDeploymentPostprocessing = 0;
			shellPath = /bin/sh;
			shellScript = "\"${SRCROOT}/Pods/Target Support Files/Pods-App-Series/Pods-App-Series-frameworks.sh\"\n";
			showEnvVarsInLog = 0;
		};
		2437E68024BF83E59A84FF8E /* [CP] Check Pods Manifest.lock */ = {
			isa = PBXShellScriptBuildPhase;
			buildActionMask = 2147483647;
			files = (
			);
			inputFileListPaths = (
			);
			inputPaths = (
				"${PODS_PODFILE_DIR_PATH}/Podfile.lock",
				"${PODS_ROOT}/Manifest.lock",
			);
			name = "[CP] Check Pods Manifest.lock";
			outputFileListPaths = (
			);
			outputPaths = (
				"$(DERIVED_FILE_DIR)/Pods-SeriesTests-checkManifestLockResult.txt",
			);
			runOnlyForDeploymentPostprocessing = 0;
			shellPath = /bin/sh;
			shellScript = "diff \"${PODS_PODFILE_DIR_PATH}/Podfile.lock\" \"${PODS_ROOT}/Manifest.lock\" > /dev/null\nif [ $? != 0 ] ; then\n    # print error to STDERR\n    echo \"error: The sandbox is not in sync with the Podfile.lock. Run 'pod install' or update your CocoaPods installation.\" >&2\n    exit 1\nfi\n# This output is used by Xcode 'outputs' to avoid re-running this script phase.\necho \"SUCCESS\" > \"${SCRIPT_OUTPUT_FILE_0}\"\n";
			showEnvVarsInLog = 0;
		};
		C941570CB31180FFCC4ADF99 /* [CP] Embed Pods Frameworks */ = {
			isa = PBXShellScriptBuildPhase;
			buildActionMask = 2147483647;
			files = (
			);
			inputFileListPaths = (
			);
			inputPaths = (
				"${SRCROOT}/Pods/Target Support Files/Pods-SeriesTests/Pods-SeriesTests-frameworks.sh",
				"${BUILT_PRODUCTS_DIR}/Nimble/Nimble.framework",
				"${BUILT_PRODUCTS_DIR}/Quick/Quick.framework",
			);
			name = "[CP] Embed Pods Frameworks";
			outputFileListPaths = (
			);
			outputPaths = (
				"${TARGET_BUILD_DIR}/${FRAMEWORKS_FOLDER_PATH}/Nimble.framework",
				"${TARGET_BUILD_DIR}/${FRAMEWORKS_FOLDER_PATH}/Quick.framework",
			);
			runOnlyForDeploymentPostprocessing = 0;
			shellPath = /bin/sh;
			shellScript = "\"${SRCROOT}/Pods/Target Support Files/Pods-SeriesTests/Pods-SeriesTests-frameworks.sh\"\n";
			showEnvVarsInLog = 0;
		};
		D5B876E514735C92DD879588 /* [CP] Check Pods Manifest.lock */ = {
			isa = PBXShellScriptBuildPhase;
			buildActionMask = 2147483647;
			files = (
			);
			inputFileListPaths = (
			);
			inputPaths = (
				"${PODS_PODFILE_DIR_PATH}/Podfile.lock",
				"${PODS_ROOT}/Manifest.lock",
			);
			name = "[CP] Check Pods Manifest.lock";
			outputFileListPaths = (
			);
			outputPaths = (
				"$(DERIVED_FILE_DIR)/Pods-App-Series-checkManifestLockResult.txt",
			);
			runOnlyForDeploymentPostprocessing = 0;
			shellPath = /bin/sh;
			shellScript = "diff \"${PODS_PODFILE_DIR_PATH}/Podfile.lock\" \"${PODS_ROOT}/Manifest.lock\" > /dev/null\nif [ $? != 0 ] ; then\n    # print error to STDERR\n    echo \"error: The sandbox is not in sync with the Podfile.lock. Run 'pod install' or update your CocoaPods installation.\" >&2\n    exit 1\nfi\n# This output is used by Xcode 'outputs' to avoid re-running this script phase.\necho \"SUCCESS\" > \"${SCRIPT_OUTPUT_FILE_0}\"\n";
			showEnvVarsInLog = 0;
		};
/* End PBXShellScriptBuildPhase section */

/* Begin PBXSourcesBuildPhase section */
		0BBDAA0B21EEBCB600C4F3CF /* Sources */ = {
			isa = PBXSourcesBuildPhase;
			buildActionMask = 2147483647;
			files = (
				0BE35FA321F019A4007148F3 /* Show.swift in Sources */,
				0B9E94DD21F15C62004A0707 /* ShowsRepository.swift in Sources */,
				0B9E94DF21F15D65004A0707 /* SignalProducer.swift in Sources */,
				0B9E94E321F4BBCF004A0707 /* NetworkRepository.swift in Sources */,
				0BBDAA1521EEBCB600C4F3CF /* ViewController.swift in Sources */,
				0B9E94CF21F1508A004A0707 /* ListedShowsViewController.swift in Sources */,
				0BE35FA021F0192A007148F3 /* ShowDetailsViewController.swift in Sources */,
				0B9E94DA21F1512E004A0707 /* ShowPreviewCellViewModel.swift in Sources */,
				0BE35F9C21F018AF007148F3 /* ShowDetailsView.swift in Sources */,
				0B9E94CD21F1507F004A0707 /* ListedShowsView.swift in Sources */,
				0B9E94D121F15093004A0707 /* ListedShowsViewModel.swift in Sources */,
				0B9E94E721F4C3A5004A0707 /* ColorPalette.swift in Sources */,
				0BE35F9E21F018DE007148F3 /* ShowDetailsViewModel.swift in Sources */,
				0B9E94D821F15121004A0707 /* ShowPreviewCell.swift in Sources */,
				0BBDAA1321EEBCB600C4F3CF /* AppDelegate.swift in Sources */,
				0B9E94D521F150D1004A0707 /* UIColor.swift in Sources */,
			);
			runOnlyForDeploymentPostprocessing = 0;
		};
		0BBDAA1F21EEBCB800C4F3CF /* Sources */ = {
			isa = PBXSourcesBuildPhase;
			buildActionMask = 2147483647;
			files = (
				0BBDAA2821EEBCB800C4F3CF /* SeriesTests.swift in Sources */,
			);
			runOnlyForDeploymentPostprocessing = 0;
		};
/* End PBXSourcesBuildPhase section */

/* Begin PBXTargetDependency section */
		0BBDAA2521EEBCB800C4F3CF /* PBXTargetDependency */ = {
			isa = PBXTargetDependency;
			target = 0BBDAA0E21EEBCB600C4F3CF /* Series */;
			targetProxy = 0BBDAA2421EEBCB800C4F3CF /* PBXContainerItemProxy */;
		};
/* End PBXTargetDependency section */

/* Begin PBXVariantGroup section */
		0BBDAA1B21EEBCB800C4F3CF /* LaunchScreen.storyboard */ = {
			isa = PBXVariantGroup;
			children = (
				0BBDAA1C21EEBCB800C4F3CF /* Base */,
			);
			name = LaunchScreen.storyboard;
			sourceTree = "<group>";
		};
/* End PBXVariantGroup section */

/* Begin XCBuildConfiguration section */
		0BBDAA2A21EEBCB800C4F3CF /* Debug */ = {
			isa = XCBuildConfiguration;
			buildSettings = {
				ALWAYS_SEARCH_USER_PATHS = NO;
				CLANG_ANALYZER_NONNULL = YES;
				CLANG_ANALYZER_NUMBER_OBJECT_CONVERSION = YES_AGGRESSIVE;
				CLANG_CXX_LANGUAGE_STANDARD = "gnu++14";
				CLANG_CXX_LIBRARY = "libc++";
				CLANG_ENABLE_MODULES = YES;
				CLANG_ENABLE_OBJC_ARC = YES;
				CLANG_ENABLE_OBJC_WEAK = YES;
				CLANG_WARN_BLOCK_CAPTURE_AUTORELEASING = YES;
				CLANG_WARN_BOOL_CONVERSION = YES;
				CLANG_WARN_COMMA = YES;
				CLANG_WARN_CONSTANT_CONVERSION = YES;
				CLANG_WARN_DEPRECATED_OBJC_IMPLEMENTATIONS = YES;
				CLANG_WARN_DIRECT_OBJC_ISA_USAGE = YES_ERROR;
				CLANG_WARN_DOCUMENTATION_COMMENTS = YES;
				CLANG_WARN_EMPTY_BODY = YES;
				CLANG_WARN_ENUM_CONVERSION = YES;
				CLANG_WARN_INFINITE_RECURSION = YES;
				CLANG_WARN_INT_CONVERSION = YES;
				CLANG_WARN_NON_LITERAL_NULL_CONVERSION = YES;
				CLANG_WARN_OBJC_IMPLICIT_RETAIN_SELF = YES;
				CLANG_WARN_OBJC_LITERAL_CONVERSION = YES;
				CLANG_WARN_OBJC_ROOT_CLASS = YES_ERROR;
				CLANG_WARN_RANGE_LOOP_ANALYSIS = YES;
				CLANG_WARN_STRICT_PROTOTYPES = YES;
				CLANG_WARN_SUSPICIOUS_MOVE = YES;
				CLANG_WARN_UNGUARDED_AVAILABILITY = YES_AGGRESSIVE;
				CLANG_WARN_UNREACHABLE_CODE = YES;
				CLANG_WARN__DUPLICATE_METHOD_MATCH = YES;
				CODE_SIGN_IDENTITY = "iPhone Developer";
				COPY_PHASE_STRIP = NO;
				DEBUG_INFORMATION_FORMAT = dwarf;
				ENABLE_STRICT_OBJC_MSGSEND = YES;
				ENABLE_TESTABILITY = YES;
				GCC_C_LANGUAGE_STANDARD = gnu11;
				GCC_DYNAMIC_NO_PIC = NO;
				GCC_NO_COMMON_BLOCKS = YES;
				GCC_OPTIMIZATION_LEVEL = 0;
				GCC_PREPROCESSOR_DEFINITIONS = (
					"DEBUG=1",
					"$(inherited)",
				);
				GCC_WARN_64_TO_32_BIT_CONVERSION = YES;
				GCC_WARN_ABOUT_RETURN_TYPE = YES_ERROR;
				GCC_WARN_UNDECLARED_SELECTOR = YES;
				GCC_WARN_UNINITIALIZED_AUTOS = YES_AGGRESSIVE;
				GCC_WARN_UNUSED_FUNCTION = YES;
				GCC_WARN_UNUSED_VARIABLE = YES;
				IPHONEOS_DEPLOYMENT_TARGET = 12.1;
				MTL_ENABLE_DEBUG_INFO = INCLUDE_SOURCE;
				MTL_FAST_MATH = YES;
				ONLY_ACTIVE_ARCH = YES;
				SDKROOT = iphoneos;
				SWIFT_ACTIVE_COMPILATION_CONDITIONS = DEBUG;
				SWIFT_OPTIMIZATION_LEVEL = "-Onone";
			};
			name = Debug;
		};
		0BBDAA2B21EEBCB800C4F3CF /* Release */ = {
			isa = XCBuildConfiguration;
			buildSettings = {
				ALWAYS_SEARCH_USER_PATHS = NO;
				CLANG_ANALYZER_NONNULL = YES;
				CLANG_ANALYZER_NUMBER_OBJECT_CONVERSION = YES_AGGRESSIVE;
				CLANG_CXX_LANGUAGE_STANDARD = "gnu++14";
				CLANG_CXX_LIBRARY = "libc++";
				CLANG_ENABLE_MODULES = YES;
				CLANG_ENABLE_OBJC_ARC = YES;
				CLANG_ENABLE_OBJC_WEAK = YES;
				CLANG_WARN_BLOCK_CAPTURE_AUTORELEASING = YES;
				CLANG_WARN_BOOL_CONVERSION = YES;
				CLANG_WARN_COMMA = YES;
				CLANG_WARN_CONSTANT_CONVERSION = YES;
				CLANG_WARN_DEPRECATED_OBJC_IMPLEMENTATIONS = YES;
				CLANG_WARN_DIRECT_OBJC_ISA_USAGE = YES_ERROR;
				CLANG_WARN_DOCUMENTATION_COMMENTS = YES;
				CLANG_WARN_EMPTY_BODY = YES;
				CLANG_WARN_ENUM_CONVERSION = YES;
				CLANG_WARN_INFINITE_RECURSION = YES;
				CLANG_WARN_INT_CONVERSION = YES;
				CLANG_WARN_NON_LITERAL_NULL_CONVERSION = YES;
				CLANG_WARN_OBJC_IMPLICIT_RETAIN_SELF = YES;
				CLANG_WARN_OBJC_LITERAL_CONVERSION = YES;
				CLANG_WARN_OBJC_ROOT_CLASS = YES_ERROR;
				CLANG_WARN_RANGE_LOOP_ANALYSIS = YES;
				CLANG_WARN_STRICT_PROTOTYPES = YES;
				CLANG_WARN_SUSPICIOUS_MOVE = YES;
				CLANG_WARN_UNGUARDED_AVAILABILITY = YES_AGGRESSIVE;
				CLANG_WARN_UNREACHABLE_CODE = YES;
				CLANG_WARN__DUPLICATE_METHOD_MATCH = YES;
				CODE_SIGN_IDENTITY = "iPhone Developer";
				COPY_PHASE_STRIP = NO;
				DEBUG_INFORMATION_FORMAT = "dwarf-with-dsym";
				ENABLE_NS_ASSERTIONS = NO;
				ENABLE_STRICT_OBJC_MSGSEND = YES;
				GCC_C_LANGUAGE_STANDARD = gnu11;
				GCC_NO_COMMON_BLOCKS = YES;
				GCC_WARN_64_TO_32_BIT_CONVERSION = YES;
				GCC_WARN_ABOUT_RETURN_TYPE = YES_ERROR;
				GCC_WARN_UNDECLARED_SELECTOR = YES;
				GCC_WARN_UNINITIALIZED_AUTOS = YES_AGGRESSIVE;
				GCC_WARN_UNUSED_FUNCTION = YES;
				GCC_WARN_UNUSED_VARIABLE = YES;
				IPHONEOS_DEPLOYMENT_TARGET = 12.1;
				MTL_ENABLE_DEBUG_INFO = NO;
				MTL_FAST_MATH = YES;
				SDKROOT = iphoneos;
				SWIFT_COMPILATION_MODE = wholemodule;
				SWIFT_OPTIMIZATION_LEVEL = "-O";
				VALIDATE_PRODUCT = YES;
			};
			name = Release;
		};
		0BBDAA2D21EEBCB800C4F3CF /* Debug */ = {
			isa = XCBuildConfiguration;
			baseConfigurationReference = 0EF5D921F4C39E33BE8F4927 /* Pods-App-Series.debug.xcconfig */;
			buildSettings = {
				ASSETCATALOG_COMPILER_APPICON_NAME = AppIcon;
				CODE_SIGN_STYLE = Automatic;
				DEVELOPMENT_TEAM = 25JT3PTV2V;
				INFOPLIST_FILE = "$(SRCROOT)/Resources/Info.plist";
				LD_RUNPATH_SEARCH_PATHS = (
					"$(inherited)",
					"@executable_path/Frameworks",
				);
				PRODUCT_BUNDLE_IDENTIFIER = com.depa.Series;
				PRODUCT_NAME = "$(TARGET_NAME)";
				SWIFT_VERSION = 4.2;
				TARGETED_DEVICE_FAMILY = "1,2";
			};
			name = Debug;
		};
		0BBDAA2E21EEBCB800C4F3CF /* Release */ = {
			isa = XCBuildConfiguration;
			baseConfigurationReference = D8E26156C1045E2869B78804 /* Pods-App-Series.release.xcconfig */;
			buildSettings = {
				ASSETCATALOG_COMPILER_APPICON_NAME = AppIcon;
				CODE_SIGN_STYLE = Automatic;
				DEVELOPMENT_TEAM = 25JT3PTV2V;
				INFOPLIST_FILE = "$(SRCROOT)/Resources/Info.plist";
				LD_RUNPATH_SEARCH_PATHS = (
					"$(inherited)",
					"@executable_path/Frameworks",
				);
				PRODUCT_BUNDLE_IDENTIFIER = com.depa.Series;
				PRODUCT_NAME = "$(TARGET_NAME)";
				SWIFT_VERSION = 4.2;
				TARGETED_DEVICE_FAMILY = "1,2";
			};
			name = Release;
		};
		0BBDAA3021EEBCB800C4F3CF /* Debug */ = {
			isa = XCBuildConfiguration;
			baseConfigurationReference = 42D341D77BE2690E3BCDE785 /* Pods-SeriesTests.debug.xcconfig */;
			buildSettings = {
				ALWAYS_EMBED_SWIFT_STANDARD_LIBRARIES = YES;
				BUNDLE_LOADER = "$(TEST_HOST)";
				CODE_SIGN_STYLE = Automatic;
				DEVELOPMENT_TEAM = 25JT3PTV2V;
				INFOPLIST_FILE = SeriesTests/Info.plist;
				LD_RUNPATH_SEARCH_PATHS = (
					"$(inherited)",
					"@executable_path/Frameworks",
					"@loader_path/Frameworks",
				);
				PRODUCT_BUNDLE_IDENTIFIER = com.depa.SeriesTests;
				PRODUCT_NAME = "$(TARGET_NAME)";
				SWIFT_VERSION = 4.2;
				TARGETED_DEVICE_FAMILY = "1,2";
				TEST_HOST = "$(BUILT_PRODUCTS_DIR)/Series.app/Series";
			};
			name = Debug;
		};
		0BBDAA3121EEBCB800C4F3CF /* Release */ = {
			isa = XCBuildConfiguration;
			baseConfigurationReference = 47C9B7E5A26A08DC24D892DE /* Pods-SeriesTests.release.xcconfig */;
			buildSettings = {
				ALWAYS_EMBED_SWIFT_STANDARD_LIBRARIES = YES;
				BUNDLE_LOADER = "$(TEST_HOST)";
				CODE_SIGN_STYLE = Automatic;
				DEVELOPMENT_TEAM = 25JT3PTV2V;
				INFOPLIST_FILE = SeriesTests/Info.plist;
				LD_RUNPATH_SEARCH_PATHS = (
					"$(inherited)",
					"@executable_path/Frameworks",
					"@loader_path/Frameworks",
				);
				PRODUCT_BUNDLE_IDENTIFIER = com.depa.SeriesTests;
				PRODUCT_NAME = "$(TARGET_NAME)";
				SWIFT_VERSION = 4.2;
				TARGETED_DEVICE_FAMILY = "1,2";
				TEST_HOST = "$(BUILT_PRODUCTS_DIR)/Series.app/Series";
			};
			name = Release;
		};
/* End XCBuildConfiguration section */

/* Begin XCConfigurationList section */
		0BBDAA0A21EEBCB600C4F3CF /* Build configuration list for PBXProject "Series" */ = {
			isa = XCConfigurationList;
			buildConfigurations = (
				0BBDAA2A21EEBCB800C4F3CF /* Debug */,
				0BBDAA2B21EEBCB800C4F3CF /* Release */,
			);
			defaultConfigurationIsVisible = 0;
			defaultConfigurationName = Release;
		};
		0BBDAA2C21EEBCB800C4F3CF /* Build configuration list for PBXNativeTarget "Series" */ = {
			isa = XCConfigurationList;
			buildConfigurations = (
				0BBDAA2D21EEBCB800C4F3CF /* Debug */,
				0BBDAA2E21EEBCB800C4F3CF /* Release */,
			);
			defaultConfigurationIsVisible = 0;
			defaultConfigurationName = Release;
		};
		0BBDAA2F21EEBCB800C4F3CF /* Build configuration list for PBXNativeTarget "SeriesTests" */ = {
			isa = XCConfigurationList;
			buildConfigurations = (
				0BBDAA3021EEBCB800C4F3CF /* Debug */,
				0BBDAA3121EEBCB800C4F3CF /* Release */,
			);
			defaultConfigurationIsVisible = 0;
			defaultConfigurationName = Release;
		};
/* End XCConfigurationList section */
	};
	rootObject = 0BBDAA0721EEBCB600C4F3CF /* Project object */;
}
